
Microsoft Visual Studio Solution File, Format Version 12.00
# Visual Studio 2012
Project("{FAE04EC0-301F-11D3-BF4B-00C04F79EFBC}") = "Evolve2", "Evolve2\Evolve2.csproj", "{55C09E13-E19B-4253-82B0-1F356D8746A9}"
EndProject
Project("{FAE04EC0-301F-11D3-BF4B-00C04F79EFBC}") = "Evolve2.Simulations.Tests", "Evolve2.Simulations.Tests\Evolve2.Simulations.Tests.csproj", "{20BA005C-87CC-4E1E-A980-9C383680ECF3}"
EndProject
Project("{FAE04EC0-301F-11D3-BF4B-00C04F79EFBC}") = "Evolve2.Simulations", "Evolve2.Simulations\Evolve2.Simulations.csproj", "{580E4027-E35F-4DD7-8EBD-AA5D1F85BA01}"
EndProject
Global
	GlobalSection(SolutionConfigurationPlatforms) = preSolution
		Debug|Any CPU = Debug|Any CPU
		Release|Any CPU = Release|Any CPU
	EndGlobalSection
	GlobalSection(ProjectConfigurationPlatforms) = postSolution
		{55C09E13-E19B-4253-82B0-1F356D8746A9}.Debug|Any CPU.ActiveCfg = Debug|Any CPU
		{55C09E13-E19B-4253-82B0-1F356D8746A9}.Debug|Any CPU.Build.0 = Debug|Any CPU
		{55C09E13-E19B-4253-82B0-1F356D8746A9}.Release|Any CPU.ActiveCfg = Release|Any CPU
		{55C09E13-E19B-4253-82B0-1F356D8746A9}.Release|Any CPU.Build.0 = Release|Any CPU
		{20BA005C-87CC-4E1E-A980-9C383680ECF3}.Debug|Any CPU.ActiveCfg = Debug|Any CPU
		{20BA005C-87CC-4E1E-A980-9C383680ECF3}.Debug|Any CPU.Build.0 = Debug|Any CPU
		{20BA005C-87CC-4E1E-A980-9C383680ECF3}.Release|Any CPU.ActiveCfg = Release|Any CPU
		{20BA005C-87CC-4E1E-A980-9C383680ECF3}.Release|Any CPU.Build.0 = Release|Any CPU
		{580E4027-E35F-4DD7-8EBD-AA5D1F85BA01}.Debug|Any CPU.ActiveCfg = Debug|Any CPU
		{580E4027-E35F-4DD7-8EBD-AA5D1F85BA01}.Debug|Any CPU.Build.0 = Debug|Any CPU
		{580E4027-E35F-4DD7-8EBD-AA5D1F85BA01}.Release|Any CPU.ActiveCfg = Release|Any CPU
		{580E4027-E35F-4DD7-8EBD-AA5D1F85BA01}.Release|Any CPU.Build.0 = Release|Any CPU
	EndGlobalSection
	GlobalSection(SolutionProperties) = preSolution
		HideSolutionNode = FALSE
	EndGlobalSection
EndGlobal
